
Microsoft Visual Studio Solution File, Format Version 12.00
Project("{FAE04EC0-301F-11D3-BF4B-00C04F79EFBC}") = "dualsense-bt-haptics", "dualsense-bt-haptics\dualsense-bt-haptics.csproj", "{B4507666-1875-4D5A-AE0C-6FFDB77D7291}"
EndProject
Global
	GlobalSection(SolutionConfigurationPlatforms) = preSolution
		Debug|Any CPU = Debug|Any CPU
		Release|Any CPU = Release|Any CPU
	EndGlobalSection
	GlobalSection(ProjectConfigurationPlatforms) = postSolution
		{B4507666-1875-4D5A-AE0C-6FFDB77D7291}.Debug|Any CPU.ActiveCfg = Debug|Any CPU
		{B4507666-1875-4D5A-AE0C-6FFDB77D7291}.Debug|Any CPU.Build.0 = Debug|Any CPU
		{B4507666-1875-4D5A-AE0C-6FFDB77D7291}.Release|Any CPU.ActiveCfg = Release|Any CPU
		{B4507666-1875-4D5A-AE0C-6FFDB77D7291}.Release|Any CPU.Build.0 = Release|Any CPU
	EndGlobalSection
EndGlobal
